
Microsoft Visual Studio Solution File, Format Version 12.00
# Visual Studio Version 16
VisualStudioVersion = 16.0.30114.105
MinimumVisualStudioVersion = 10.0.40219.1
Project("{FAE04EC0-301F-11D3-BF4B-00C04F79EFBC}") = "gardenit-api-classes", "gardenit-api-classes\gardenit-api-classes.csproj", "{74D134D5-6734-407B-9BF5-9CF8F80EFA79}"
EndProject
Project("{FAE04EC0-301F-11D3-BF4B-00C04F79EFBC}") = "gardenit-webapi", "gardenit-webapi\gardenit-webapi.csproj", "{5EDFB7A7-9573-4A4D-B66C-F0ACD65174E8}"
EndProject
Project("{FAE04EC0-301F-11D3-BF4B-00C04F79EFBC}") = "gardenit-webapi.Tests", "gardenit-webapi.Tests\gardenit-webapi.Tests.csproj", "{6ACE320D-85CF-417F-B643-AF17F13C0C4C}"
EndProject
Global
	GlobalSection(SolutionConfigurationPlatforms) = preSolution
		Debug|Any CPU = Debug|Any CPU
		Debug|x64 = Debug|x64
		Debug|x86 = Debug|x86
		Release|Any CPU = Release|Any CPU
		Release|x64 = Release|x64
		Release|x86 = Release|x86
	EndGlobalSection
	GlobalSection(SolutionProperties) = preSolution
		HideSolutionNode = FALSE
	EndGlobalSection
	GlobalSection(ProjectConfigurationPlatforms) = postSolution
		{74D134D5-6734-407B-9BF5-9CF8F80EFA79}.Debug|Any CPU.ActiveCfg = Debug|Any CPU
		{74D134D5-6734-407B-9BF5-9CF8F80EFA79}.Debug|Any CPU.Build.0 = Debug|Any CPU
		{74D134D5-6734-407B-9BF5-9CF8F80EFA79}.Debug|x64.ActiveCfg = Debug|Any CPU
		{74D134D5-6734-407B-9BF5-9CF8F80EFA79}.Debug|x64.Build.0 = Debug|Any CPU
		{74D134D5-6734-407B-9BF5-9CF8F80EFA79}.Debug|x86.ActiveCfg = Debug|Any CPU
		{74D134D5-6734-407B-9BF5-9CF8F80EFA79}.Debug|x86.Build.0 = Debug|Any CPU
		{74D134D5-6734-407B-9BF5-9CF8F80EFA79}.Release|Any CPU.ActiveCfg = Release|Any CPU
		{74D134D5-6734-407B-9BF5-9CF8F80EFA79}.Release|Any CPU.Build.0 = Release|Any CPU
		{74D134D5-6734-407B-9BF5-9CF8F80EFA79}.Release|x64.ActiveCfg = Release|Any CPU
		{74D134D5-6734-407B-9BF5-9CF8F80EFA79}.Release|x64.Build.0 = Release|Any CPU
		{74D134D5-6734-407B-9BF5-9CF8F80EFA79}.Release|x86.ActiveCfg = Release|Any CPU
		{74D134D5-6734-407B-9BF5-9CF8F80EFA79}.Release|x86.Build.0 = Release|Any CPU
		{5EDFB7A7-9573-4A4D-B66C-F0ACD65174E8}.Debug|Any CPU.ActiveCfg = Debug|Any CPU
		{5EDFB7A7-9573-4A4D-B66C-F0ACD65174E8}.Debug|Any CPU.Build.0 = Debug|Any CPU
		{5EDFB7A7-9573-4A4D-B66C-F0ACD65174E8}.Debug|x64.ActiveCfg = Debug|Any CPU
		{5EDFB7A7-9573-4A4D-B66C-F0ACD65174E8}.Debug|x64.Build.0 = Debug|Any CPU
		{5EDFB7A7-9573-4A4D-B66C-F0ACD65174E8}.Debug|x86.ActiveCfg = Debug|Any CPU
		{5EDFB7A7-9573-4A4D-B66C-F0ACD65174E8}.Debug|x86.Build.0 = Debug|Any CPU
		{5EDFB7A7-9573-4A4D-B66C-F0ACD65174E8}.Release|Any CPU.ActiveCfg = Release|Any CPU
		{5EDFB7A7-9573-4A4D-B66C-F0ACD65174E8}.Release|Any CPU.Build.0 = Release|Any CPU
		{5EDFB7A7-9573-4A4D-B66C-F0ACD65174E8}.Release|x64.ActiveCfg = Release|Any CPU
		{5EDFB7A7-9573-4A4D-B66C-F0ACD65174E8}.Release|x64.Build.0 = Release|Any CPU
		{5EDFB7A7-9573-4A4D-B66C-F0ACD65174E8}.Release|x86.ActiveCfg = Release|Any CPU
		{5EDFB7A7-9573-4A4D-B66C-F0ACD65174E8}.Release|x86.Build.0 = Release|Any CPU
		{6ACE320D-85CF-417F-B643-AF17F13C0C4C}.Debug|Any CPU.ActiveCfg = Debug|Any CPU
		{6ACE320D-85CF-417F-B643-AF17F13C0C4C}.Debug|Any CPU.Build.0 = Debug|Any CPU
		{6ACE320D-85CF-417F-B643-AF17F13C0C4C}.Debug|x64.ActiveCfg = Debug|Any CPU
		{6ACE320D-85CF-417F-B643-AF17F13C0C4C}.Debug|x64.Build.0 = Debug|Any CPU
		{6ACE320D-85CF-417F-B643-AF17F13C0C4C}.Debug|x86.ActiveCfg = Debug|Any CPU
		{6ACE320D-85CF-417F-B643-AF17F13C0C4C}.Debug|x86.Build.0 = Debug|Any CPU
		{6ACE320D-85CF-417F-B643-AF17F13C0C4C}.Release|Any CPU.ActiveCfg = Release|Any CPU
		{6ACE320D-85CF-417F-B643-AF17F13C0C4C}.Release|Any CPU.Build.0 = Release|Any CPU
		{6ACE320D-85CF-417F-B643-AF17F13C0C4C}.Release|x64.ActiveCfg = Release|Any CPU
		{6ACE320D-85CF-417F-B643-AF17F13C0C4C}.Release|x64.Build.0 = Release|Any CPU
		{6ACE320D-85CF-417F-B643-AF17F13C0C4C}.Release|x86.ActiveCfg = Release|Any CPU
		{6ACE320D-85CF-417F-B643-AF17F13C0C4C}.Release|x86.Build.0 = Release|Any CPU
	EndGlobalSection
EndGlobal
